
Microsoft Visual Studio Solution File, Format Version 12.00
# Visual Studio 15
VisualStudioVersion = 15.0.26730.12
MinimumVisualStudioVersion = 10.0.40219.1
Project("{FAE04EC0-301F-11D3-BF4B-00C04F79EFBC}") = "HackerNewsClone", "HackerNewsClone\HackerNewsClone.csproj", "{1C0783AF-8B9B-4638-8254-2F0A4445B63D}"
EndProject
Global
	GlobalSection(SolutionConfigurationPlatforms) = preSolution
		Debug|Any CPU = Debug|Any CPU
		Release|Any CPU = Release|Any CPU
	EndGlobalSection
	GlobalSection(ProjectConfigurationPlatforms) = postSolution
		{1C0783AF-8B9B-4638-8254-2F0A4445B63D}.Debug|Any CPU.ActiveCfg = Debug|Any CPU
		{1C0783AF-8B9B-4638-8254-2F0A4445B63D}.Debug|Any CPU.Build.0 = Debug|Any CPU
		{1C0783AF-8B9B-4638-8254-2F0A4445B63D}.Release|Any CPU.ActiveCfg = Release|Any CPU
		{1C0783AF-8B9B-4638-8254-2F0A4445B63D}.Release|Any CPU.Build.0 = Release|Any CPU
	EndGlobalSection
	GlobalSection(SolutionProperties) = preSolution
		HideSolutionNode = FALSE
	EndGlobalSection
	GlobalSection(ExtensibilityGlobals) = postSolution
		SolutionGuid = {F76639C3-F40B-462A-B26F-323E026CDA72}
	EndGlobalSection
EndGlobal
